{
  "name": "scriptsdk",
  "version": "1.0.0",
  "lockfileVersion": 3,
  "requires": true,
  "packages": {
    "": {
      "name": "scriptsdk",
      "version": "1.0.0",
      "license": "GPL-2.0-only",
      "dependencies": {
        "@minecraft/server": "^2.4.0-beta.1.21.123-stable"
      },
      "devDependencies": {
        "typescript": "^5.9.3"
      }
    },
    "node_modules/@minecraft/common": {
      "version": "1.2.0",
      "resolved": "https://registry.npmjs.org/@minecraft/common/-/common-1.2.0.tgz",
      "integrity": "sha512-JdmEq4P3Z/FtoBzhLijFgMSVFnFRrUoLwY8DHHrgtFo0mfLTOLTB1RErYjLMsA6b7BGVNxkX/pfFRiH7QZ0XwQ==",
      "license": "MIT",
      "peer": true
    },
    "node_modules/@minecraft/server": {
      "version": "2.4.0-beta.1.21.123-stable",
      "resolved": "https://registry.npmjs.org/@minecraft/server/-/server-2.4.0-beta.1.21.123-stable.tgz",
      "integrity": "sha512-+9XILTjA75wf7m6x9YpmC1k8GCAU7bpYydG5Lt2L7JyONR0Ieq+uEAm+zbRXdHRS/4cJvS+mfwUK9WIUxt+1HQ==",
      "license": "MIT",
      "peerDependencies": {
        "@minecraft/common": "^1.2.0",
        "@minecraft/vanilla-data": ">=1.20.70"
      }
    },
    "node_modules/@minecraft/vanilla-data": {
      "version": "1.21.123",
      "resolved": "https://registry.npmjs.org/@minecraft/vanilla-data/-/vanilla-data-1.21.123.tgz",
      "integrity": "sha512-Lu86/yqL6utCRTRVSAyi6/AIsOQZk/D0KPp5E/U+ug0emE+LBR3l+YOcEWaWuK3Um4MoCbNh24k1/ky80CixBw==",
      "license": "MIT",
      "peer": true
    },
    "node_modules/typescript": {
      "version": "5.9.3",
      "resolved": "https://registry.npmjs.org/typescript/-/typescript-5.9.3.tgz",
      "integrity": "sha512-jl1vZzPDinLr9eUt3J/t7V6FgNEw9QjvBPdysz9KfQDD41fQrC2Y4vKQdiaUpFT4bXlb1RHhLpp8wtm6M5TgSw==",
      "dev": true,
      "license": "Apache-2.0",
      "bin": {
        "tsc": "bin/tsc",
        "tsserver": "bin/tsserver"
      },
      "engines": {
        "node": ">=14.17"
      }
    }
  }
}
